// !$*UTF8*$!
{
	archiveVersion = 1;
	classes = {
	};
	objectVersion = 46;
	objects = {

/* Begin PBXBuildFile section */
		54BF356F8BB980D08A8809D0 /* libPods-One.a in Frameworks */ = {isa = PBXBuildFile; fileRef = 42DCD24AEBAB3FD0383D131A /* libPods-One.a */; };
		B51EB16B1F5560980020D4F3 /* OneTipsMenuView.m in Sources */ = {isa = PBXBuildFile; fileRef = B51EB16A1F5560980020D4F3 /* OneTipsMenuView.m */; };
		B51F22B81F43EFA700C66375 /* OneUserCenterHeaderCell.m in Sources */ = {isa = PBXBuildFile; fileRef = B51F22B71F43EFA700C66375 /* OneUserCenterHeaderCell.m */; };
		B51F22BB1F43EFBA00C66375 /* OneMyCollectCell.m in Sources */ = {isa = PBXBuildFile; fileRef = B51F22BA1F43EFBA00C66375 /* OneMyCollectCell.m */; };
		B51F22BE1F43EFCE00C66375 /* OneMyFollowCell.m in Sources */ = {isa = PBXBuildFile; fileRef = B51F22BD1F43EFCE00C66375 /* OneMyFollowCell.m */; };
		B520A7701F0B68C800BB505B /* OneTabBarController.m in Sources */ = {isa = PBXBuildFile; fileRef = B520A7631F0B68C800BB505B /* OneTabBarController.m */; };
		B520A7741F0B68C800BB505B /* OneHomeViewController.m in Sources */ = {isa = PBXBuildFile; fileRef = B520A76F1F0B68C800BB505B /* OneHomeViewController.m */; };
		B520A7801F0B6E3C00BB505B /* OneBaseViewController.m in Sources */ = {isa = PBXBuildFile; fileRef = B520A77F1F0B6E3C00BB505B /* OneBaseViewController.m */; };
		B520A78C1F0CC1B400BB505B /* OneHttpManager.m in Sources */ = {isa = PBXBuildFile; fileRef = B520A78B1F0CC1B400BB505B /* OneHttpManager.m */; };
		B520A7921F0DD27F00BB505B /* OneHomeViewController+NetWork.m in Sources */ = {isa = PBXBuildFile; fileRef = B520A7911F0DD27F00BB505B /* OneHomeViewController+NetWork.m */; };
		B520A7951F0DD28C00BB505B /* OneHomeViewController+Action.m in Sources */ = {isa = PBXBuildFile; fileRef = B520A7941F0DD28C00BB505B /* OneHomeViewController+Action.m */; };
		B53B4B941F4E73BF0035B334 /* ImageIO.framework in Frameworks */ = {isa = PBXBuildFile; fileRef = B53B4B931F4E73BF0035B334 /* ImageIO.framework */; };
		B53B4B971F4E75B30035B334 /* OneContentCellHeight.m in Sources */ = {isa = PBXBuildFile; fileRef = B53B4B961F4E75B30035B334 /* OneContentCellHeight.m */; };
		B53B4B9A1F4ED0F20035B334 /* OneMusicContentView.m in Sources */ = {isa = PBXBuildFile; fileRef = B53B4B991F4ED0F20035B334 /* OneMusicContentView.m */; };
		B53B4B9D1F4ED26C0035B334 /* OneMusicContentCellHeight.m in Sources */ = {isa = PBXBuildFile; fileRef = B53B4B9C1F4ED26C0035B334 /* OneMusicContentCellHeight.m */; };
		B53CD1A11F42881100268C7C /* OneListCellHeight.m in Sources */ = {isa = PBXBuildFile; fileRef = B53CD19D1F42881100268C7C /* OneListCellHeight.m */; };
		B53CD1A21F42881100268C7C /* OneListModel.m in Sources */ = {isa = PBXBuildFile; fileRef = B53CD19F1F42881100268C7C /* OneListModel.m */; };
		B53CD1AE1F42881D00268C7C /* OneContentCell.m in Sources */ = {isa = PBXBuildFile; fileRef = B53CD1A61F42881D00268C7C /* OneContentCell.m */; };
		B53CD1AF1F42881D00268C7C /* OneContentView.m in Sources */ = {isa = PBXBuildFile; fileRef = B53CD1A81F42881D00268C7C /* OneContentView.m */; };
		B53CD1B01F42881D00268C7C /* OneMenuView.m in Sources */ = {isa = PBXBuildFile; fileRef = B53CD1AA1F42881D00268C7C /* OneMenuView.m */; };
		B53CD1B11F42881D00268C7C /* OneTroposphereCell.m in Sources */ = {isa = PBXBuildFile; fileRef = B53CD1AC1F42881D00268C7C /* OneTroposphereCell.m */; };
		B53CD1B41F428DAA00268C7C /* OneRollViewCell.m in Sources */ = {isa = PBXBuildFile; fileRef = B53CD1B31F428DAA00268C7C /* OneRollViewCell.m */; };
		B53CD1B81F429A9D00268C7C /* OneClassifyCell.m in Sources */ = {isa = PBXBuildFile; fileRef = B53CD1B71F429A9D00268C7C /* OneClassifyCell.m */; };
		B53CD1BB1F42D03200268C7C /* OneSubjectCell.m in Sources */ = {isa = PBXBuildFile; fileRef = B53CD1BA1F42D03200268C7C /* OneSubjectCell.m */; };
		B53CD1BE1F42E81100268C7C /* OneHotAuthorCell.m in Sources */ = {isa = PBXBuildFile; fileRef = B53CD1BD1F42E81100268C7C /* OneHotAuthorCell.m */; };
		B55B05E31F468D24009550D2 /* OneAllViewController+NetWork.m in Sources */ = {isa = PBXBuildFile; fileRef = B55B05E21F468D24009550D2 /* OneAllViewController+NetWork.m */; };
		B55B05E61F468E36009550D2 /* OneBannerListData.m in Sources */ = {isa = PBXBuildFile; fileRef = B55B05E51F468E36009550D2 /* OneBannerListData.m */; };
		B55B05EA1F46BC23009550D2 /* OneAuthorHotData.m in Sources */ = {isa = PBXBuildFile; fileRef = B55B05E91F46BC23009550D2 /* OneAuthorHotData.m */; };
		B55B05EE1F46C4A8009550D2 /* OneAskCell.m in Sources */ = {isa = PBXBuildFile; fileRef = B55B05ED1F46C4A8009550D2 /* OneAskCell.m */; };
		B55B05F11F46DB9C009550D2 /* OneAllViewController+Actions.m in Sources */ = {isa = PBXBuildFile; fileRef = B55B05F01F46DB9C009550D2 /* OneAllViewController+Actions.m */; };
		B5773A8E1F4A85E80034CE81 /* OneDiaryModel.m in Sources */ = {isa = PBXBuildFile; fileRef = B5773A8D1F4A85E80034CE81 /* OneDiaryModel.m */; };
		B5773A911F4A88110034CE81 /* OneMeViewController+NetWork.m in Sources */ = {isa = PBXBuildFile; fileRef = B5773A901F4A88110034CE81 /* OneMeViewController+NetWork.m */; };
		B5773A941F4AB88E0034CE81 /* OneMoreView.m in Sources */ = {isa = PBXBuildFile; fileRef = B5773A931F4AB88E0034CE81 /* OneMoreView.m */; };
		B57E436B1F553E3E00DEC237 /* OneMovieCell.m in Sources */ = {isa = PBXBuildFile; fileRef = B57E436A1F553E3E00DEC237 /* OneMovieCell.m */; };
		B57E436E1F553EBE00DEC237 /* OneMovieContentView.m in Sources */ = {isa = PBXBuildFile; fileRef = B57E436D1F553EBE00DEC237 /* OneMovieContentView.m */; };
		B57E43711F553EE500DEC237 /* OneMovieContentCellHeight.m in Sources */ = {isa = PBXBuildFile; fileRef = B57E43701F553EE500DEC237 /* OneMovieContentCellHeight.m */; };
		B57E4A781F500FDB00F6E482 /* OneMusicContentCell.m in Sources */ = {isa = PBXBuildFile; fileRef = B57E4A771F500FDB00F6E482 /* OneMusicContentCell.m */; };
		B57F0D6A1F41991400FD1AB7 /* OneAllViewController.m in Sources */ = {isa = PBXBuildFile; fileRef = B57F0D661F41991400FD1AB7 /* OneAllViewController.m */; };
		B57F0D6B1F41991400FD1AB7 /* OneMeViewController.m in Sources */ = {isa = PBXBuildFile; fileRef = B57F0D691F41991400FD1AB7 /* OneMeViewController.m */; };
		B58488D51F06458E00ED92ED /* main.m in Sources */ = {isa = PBXBuildFile; fileRef = B58488D41F06458E00ED92ED /* main.m */; };
		B58488D81F06458E00ED92ED /* AppDelegate.m in Sources */ = {isa = PBXBuildFile; fileRef = B58488D71F06458E00ED92ED /* AppDelegate.m */; };
		B58488E01F06458E00ED92ED /* Assets.xcassets in Resources */ = {isa = PBXBuildFile; fileRef = B58488DF1F06458E00ED92ED /* Assets.xcassets */; };
		B58488E31F06458E00ED92ED /* LaunchScreen.storyboard in Resources */ = {isa = PBXBuildFile; fileRef = B58488E11F06458E00ED92ED /* LaunchScreen.storyboard */; };
		B58488EE1F06458E00ED92ED /* OneTests.m in Sources */ = {isa = PBXBuildFile; fileRef = B58488ED1F06458E00ED92ED /* OneTests.m */; };
		B58488F91F06458E00ED92ED /* OneUITests.m in Sources */ = {isa = PBXBuildFile; fileRef = B58488F81F06458E00ED92ED /* OneUITests.m */; };
		B59A68781F4D1F8600B251B5 /* OneTopCell.m in Sources */ = {isa = PBXBuildFile; fileRef = B59A68771F4D1F8600B251B5 /* OneTopCell.m */; };
/* End PBXBuildFile section */

/* Begin PBXContainerItemProxy section */
		B58488EA1F06458E00ED92ED /* PBXContainerItemProxy */ = {
			isa = PBXContainerItemProxy;
			containerPortal = B58488C81F06458E00ED92ED /* Project object */;
			proxyType = 1;
			remoteGlobalIDString = B58488CF1F06458E00ED92ED;
			remoteInfo = One;
		};
		B58488F51F06458E00ED92ED /* PBXContainerItemProxy */ = {
			isa = PBXContainerItemProxy;
			containerPortal = B58488C81F06458E00ED92ED /* Project object */;
			proxyType = 1;
			remoteGlobalIDString = B58488CF1F06458E00ED92ED;
			remoteInfo = One;
		};
/* End PBXContainerItemProxy section */

/* Begin PBXFileReference section */
		42DCD24AEBAB3FD0383D131A /* libPods-One.a */ = {isa = PBXFileReference; explicitFileType = archive.ar; includeInIndex = 0; path = "libPods-One.a"; sourceTree = BUILT_PRODUCTS_DIR; };
		550E10BA832FF7DCD4E59405 /* Pods-One.debug.xcconfig */ = {isa = PBXFileReference; includeInIndex = 1; lastKnownFileType = text.xcconfig; name = "Pods-One.debug.xcconfig"; path = "Pods/Target Support Files/Pods-One/Pods-One.debug.xcconfig"; sourceTree = "<group>"; };
		B3D6B964FACAE21585FEEDB3 /* Pods-One.release.xcconfig */ = {isa = PBXFileReference; includeInIndex = 1; lastKnownFileType = text.xcconfig; name = "Pods-One.release.xcconfig"; path = "Pods/Target Support Files/Pods-One/Pods-One.release.xcconfig"; sourceTree = "<group>"; };
		B51EB1691F5560980020D4F3 /* OneTipsMenuView.h */ = {isa = PBXFileReference; fileEncoding = 4; lastKnownFileType = sourcecode.c.h; path = OneTipsMenuView.h; sourceTree = "<group>"; };
		B51EB16A1F5560980020D4F3 /* OneTipsMenuView.m */ = {isa = PBXFileReference; fileEncoding = 4; lastKnownFileType = sourcecode.c.objc; path = OneTipsMenuView.m; sourceTree = "<group>"; };
		B51F22B61F43EFA700C66375 /* OneUserCenterHeaderCell.h */ = {isa = PBXFileReference; fileEncoding = 4; lastKnownFileType = sourcecode.c.h; path = OneUserCenterHeaderCell.h; sourceTree = "<group>"; };
		B51F22B71F43EFA700C66375 /* OneUserCenterHeaderCell.m */ = {isa = PBXFileReference; fileEncoding = 4; lastKnownFileType = sourcecode.c.objc; path = OneUserCenterHeaderCell.m; sourceTree = "<group>"; };
		B51F22B91F43EFBA00C66375 /* OneMyCollectCell.h */ = {isa = PBXFileReference; fileEncoding = 4; lastKnownFileType = sourcecode.c.h; path = OneMyCollectCell.h; sourceTree = "<group>"; };
		B51F22BA1F43EFBA00C66375 /* OneMyCollectCell.m */ = {isa = PBXFileReference; fileEncoding = 4; lastKnownFileType = sourcecode.c.objc; path = OneMyCollectCell.m; sourceTree = "<group>"; };
		B51F22BC1F43EFCE00C66375 /* OneMyFollowCell.h */ = {isa = PBXFileReference; fileEncoding = 4; lastKnownFileType = sourcecode.c.h; path = OneMyFollowCell.h; sourceTree = "<group>"; };
		B51F22BD1F43EFCE00C66375 /* OneMyFollowCell.m */ = {isa = PBXFileReference; fileEncoding = 4; lastKnownFileType = sourcecode.c.objc; path = OneMyFollowCell.m; sourceTree = "<group>"; };
		B520A7621F0B68C800BB505B /* OneTabBarController.h */ = {isa = PBXFileReference; fileEncoding = 4; lastKnownFileType = sourcecode.c.h; path = OneTabBarController.h; sourceTree = "<group>"; };
		B520A7631F0B68C800BB505B /* OneTabBarController.m */ = {isa = PBXFileReference; fileEncoding = 4; lastKnownFileType = sourcecode.c.objc; path = OneTabBarController.m; sourceTree = "<group>"; };
		B520A76E1F0B68C800BB505B /* OneHomeViewController.h */ = {isa = PBXFileReference; fileEncoding = 4; lastKnownFileType = sourcecode.c.h; path = OneHomeViewController.h; sourceTree = "<group>"; };
		B520A76F1F0B68C800BB505B /* OneHomeViewController.m */ = {isa = PBXFileReference; fileEncoding = 4; lastKnownFileType = sourcecode.c.objc; path = OneHomeViewController.m; sourceTree = "<group>"; };
		B520A77E1F0B6E3C00BB505B /* OneBaseViewController.h */ = {isa = PBXFileReference; fileEncoding = 4; lastKnownFileType = sourcecode.c.h; path = OneBaseViewController.h; sourceTree = "<group>"; };
		B520A77F1F0B6E3C00BB505B /* OneBaseViewController.m */ = {isa = PBXFileReference; fileEncoding = 4; lastKnownFileType = sourcecode.c.objc; path = OneBaseViewController.m; sourceTree = "<group>"; };
		B520A7811F0B910A00BB505B /* One-Prefix.pch */ = {isa = PBXFileReference; lastKnownFileType = sourcecode.c.h; name = "One-Prefix.pch"; path = "One/One-Prefix.pch"; sourceTree = SOURCE_ROOT; };
		B520A7891F0CC01E00BB505B /* OneHttpLinks.h */ = {isa = PBXFileReference; lastKnownFileType = sourcecode.c.h; path = OneHttpLinks.h; sourceTree = "<group>"; };
		B520A78A1F0CC1B400BB505B /* OneHttpManager.h */ = {isa = PBXFileReference; fileEncoding = 4; lastKnownFileType = sourcecode.c.h; path = OneHttpManager.h; sourceTree = "<group>"; };
		B520A78B1F0CC1B400BB505B /* OneHttpManager.m */ = {isa = PBXFileReference; fileEncoding = 4; lastKnownFileType = sourcecode.c.objc; path = OneHttpManager.m; sourceTree = "<group>"; };
		B520A7901F0DD27F00BB505B /* OneHomeViewController+NetWork.h */ = {isa = PBXFileReference; fileEncoding = 4; lastKnownFileType = sourcecode.c.h; path = "OneHomeViewController+NetWork.h"; sourceTree = "<group>"; };
		B520A7911F0DD27F00BB505B /* OneHomeViewController+NetWork.m */ = {isa = PBXFileReference; fileEncoding = 4; lastKnownFileType = sourcecode.c.objc; path = "OneHomeViewController+NetWork.m"; sourceTree = "<group>"; };
		B520A7931F0DD28C00BB505B /* OneHomeViewController+Action.h */ = {isa = PBXFileReference; fileEncoding = 4; lastKnownFileType = sourcecode.c.h; path = "OneHomeViewController+Action.h"; sourceTree = "<group>"; };
		B520A7941F0DD28C00BB505B /* OneHomeViewController+Action.m */ = {isa = PBXFileReference; fileEncoding = 4; lastKnownFileType = sourcecode.c.objc; path = "OneHomeViewController+Action.m"; sourceTree = "<group>"; };
		B53B4B931F4E73BF0035B334 /* ImageIO.framework */ = {isa = PBXFileReference; lastKnownFileType = wrapper.framework; name = ImageIO.framework; path = System/Library/Frameworks/ImageIO.framework; sourceTree = SDKROOT; };
		B53B4B951F4E75B30035B334 /* OneContentCellHeight.h */ = {isa = PBXFileReference; fileEncoding = 4; lastKnownFileType = sourcecode.c.h; path = OneContentCellHeight.h; sourceTree = "<group>"; };
		B53B4B961F4E75B30035B334 /* OneContentCellHeight.m */ = {isa = PBXFileReference; fileEncoding = 4; lastKnownFileType = sourcecode.c.objc; path = OneContentCellHeight.m; sourceTree = "<group>"; };
		B53B4B981F4ED0F20035B334 /* OneMusicContentView.h */ = {isa = PBXFileReference; fileEncoding = 4; lastKnownFileType = sourcecode.c.h; path = OneMusicContentView.h; sourceTree = "<group>"; };
		B53B4B991F4ED0F20035B334 /* OneMusicContentView.m */ = {isa = PBXFileReference; fileEncoding = 4; lastKnownFileType = sourcecode.c.objc; path = OneMusicContentView.m; sourceTree = "<group>"; };
		B53B4B9B1F4ED26C0035B334 /* OneMusicContentCellHeight.h */ = {isa = PBXFileReference; fileEncoding = 4; lastKnownFileType = sourcecode.c.h; path = OneMusicContentCellHeight.h; sourceTree = "<group>"; };
		B53B4B9C1F4ED26C0035B334 /* OneMusicContentCellHeight.m */ = {isa = PBXFileReference; fileEncoding = 4; lastKnownFileType = sourcecode.c.objc; path = OneMusicContentCellHeight.m; sourceTree = "<group>"; };
		B53CD19C1F42881100268C7C /* OneListCellHeight.h */ = {isa = PBXFileReference; fileEncoding = 4; lastKnownFileType = sourcecode.c.h; path = OneListCellHeight.h; sourceTree = "<group>"; };
		B53CD19D1F42881100268C7C /* OneListCellHeight.m */ = {isa = PBXFileReference; fileEncoding = 4; lastKnownFileType = sourcecode.c.objc; path = OneListCellHeight.m; sourceTree = "<group>"; };
		B53CD19E1F42881100268C7C /* OneListModel.h */ = {isa = PBXFileReference; fileEncoding = 4; lastKnownFileType = sourcecode.c.h; path = OneListModel.h; sourceTree = "<group>"; };
		B53CD19F1F42881100268C7C /* OneListModel.m */ = {isa = PBXFileReference; fileEncoding = 4; lastKnownFileType = sourcecode.c.objc; path = OneListModel.m; sourceTree = "<group>"; };
		B53CD1A51F42881D00268C7C /* OneContentCell.h */ = {isa = PBXFileReference; fileEncoding = 4; lastKnownFileType = sourcecode.c.h; path = OneContentCell.h; sourceTree = "<group>"; };
		B53CD1A61F42881D00268C7C /* OneContentCell.m */ = {isa = PBXFileReference; fileEncoding = 4; lastKnownFileType = sourcecode.c.objc; path = OneContentCell.m; sourceTree = "<group>"; };
		B53CD1A71F42881D00268C7C /* OneContentView.h */ = {isa = PBXFileReference; fileEncoding = 4; lastKnownFileType = sourcecode.c.h; path = OneContentView.h; sourceTree = "<group>"; };
		B53CD1A81F42881D00268C7C /* OneContentView.m */ = {isa = PBXFileReference; fileEncoding = 4; lastKnownFileType = sourcecode.c.objc; path = OneContentView.m; sourceTree = "<group>"; };
		B53CD1A91F42881D00268C7C /* OneMenuView.h */ = {isa = PBXFileReference; fileEncoding = 4; lastKnownFileType = sourcecode.c.h; path = OneMenuView.h; sourceTree = "<group>"; };
		B53CD1AA1F42881D00268C7C /* OneMenuView.m */ = {isa = PBXFileReference; fileEncoding = 4; lastKnownFileType = sourcecode.c.objc; path = OneMenuView.m; sourceTree = "<group>"; };
		B53CD1AB1F42881D00268C7C /* OneTroposphereCell.h */ = {isa = PBXFileReference; fileEncoding = 4; lastKnownFileType = sourcecode.c.h; path = OneTroposphereCell.h; sourceTree = "<group>"; };
		B53CD1AC1F42881D00268C7C /* OneTroposphereCell.m */ = {isa = PBXFileReference; fileEncoding = 4; lastKnownFileType = sourcecode.c.objc; path = OneTroposphereCell.m; sourceTree = "<group>"; };
		B53CD1B21F428DAA00268C7C /* OneRollViewCell.h */ = {isa = PBXFileReference; fileEncoding = 4; lastKnownFileType = sourcecode.c.h; path = OneRollViewCell.h; sourceTree = "<group>"; };
		B53CD1B31F428DAA00268C7C /* OneRollViewCell.m */ = {isa = PBXFileReference; fileEncoding = 4; lastKnownFileType = sourcecode.c.objc; path = OneRollViewCell.m; sourceTree = "<group>"; };
		B53CD1B51F4297BA00268C7C /* OneDefines.h */ = {isa = PBXFileReference; lastKnownFileType = sourcecode.c.h; path = OneDefines.h; sourceTree = "<group>"; };
		B53CD1B61F429A9D00268C7C /* OneClassifyCell.h */ = {isa = PBXFileReference; fileEncoding = 4; lastKnownFileType = sourcecode.c.h; path = OneClassifyCell.h; sourceTree = "<group>"; };
		B53CD1B71F429A9D00268C7C /* OneClassifyCell.m */ = {isa = PBXFileReference; fileEncoding = 4; lastKnownFileType = sourcecode.c.objc; path = OneClassifyCell.m; sourceTree = "<group>"; };
		B53CD1B91F42D03200268C7C /* OneSubjectCell.h */ = {isa = PBXFileReference; fileEncoding = 4; lastKnownFileType = sourcecode.c.h; path = OneSubjectCell.h; sourceTree = "<group>"; };
		B53CD1BA1F42D03200268C7C /* OneSubjectCell.m */ = {isa = PBXFileReference; fileEncoding = 4; lastKnownFileType = sourcecode.c.objc; path = OneSubjectCell.m; sourceTree = "<group>"; };
		B53CD1BC1F42E81100268C7C /* OneHotAuthorCell.h */ = {isa = PBXFileReference; fileEncoding = 4; lastKnownFileType = sourcecode.c.h; path = OneHotAuthorCell.h; sourceTree = "<group>"; };
		B53CD1BD1F42E81100268C7C /* OneHotAuthorCell.m */ = {isa = PBXFileReference; fileEncoding = 4; lastKnownFileType = sourcecode.c.objc; path = OneHotAuthorCell.m; sourceTree = "<group>"; };
		B55B05E11F468D24009550D2 /* OneAllViewController+NetWork.h */ = {isa = PBXFileReference; fileEncoding = 4; lastKnownFileType = sourcecode.c.h; path = "OneAllViewController+NetWork.h"; sourceTree = "<group>"; };
		B55B05E21F468D24009550D2 /* OneAllViewController+NetWork.m */ = {isa = PBXFileReference; fileEncoding = 4; lastKnownFileType = sourcecode.c.objc; path = "OneAllViewController+NetWork.m"; sourceTree = "<group>"; };
		B55B05E41F468E36009550D2 /* OneBannerListData.h */ = {isa = PBXFileReference; fileEncoding = 4; lastKnownFileType = sourcecode.c.h; path = OneBannerListData.h; sourceTree = "<group>"; };
		B55B05E51F468E36009550D2 /* OneBannerListData.m */ = {isa = PBXFileReference; fileEncoding = 4; lastKnownFileType = sourcecode.c.objc; path = OneBannerListData.m; sourceTree = "<group>"; };
		B55B05E81F46BC23009550D2 /* OneAuthorHotData.h */ = {isa = PBXFileReference; fileEncoding = 4; lastKnownFileType = sourcecode.c.h; path = OneAuthorHotData.h; sourceTree = "<group>"; };
		B55B05E91F46BC23009550D2 /* OneAuthorHotData.m */ = {isa = PBXFileReference; fileEncoding = 4; lastKnownFileType = sourcecode.c.objc; path = OneAuthorHotData.m; sourceTree = "<group>"; };
		B55B05EC1F46C4A8009550D2 /* OneAskCell.h */ = {isa = PBXFileReference; fileEncoding = 4; lastKnownFileType = sourcecode.c.h; path = OneAskCell.h; sourceTree = "<group>"; };
		B55B05ED1F46C4A8009550D2 /* OneAskCell.m */ = {isa = PBXFileReference; fileEncoding = 4; lastKnownFileType = sourcecode.c.objc; path = OneAskCell.m; sourceTree = "<group>"; };
		B55B05EF1F46DB9C009550D2 /* OneAllViewController+Actions.h */ = {isa = PBXFileReference; fileEncoding = 4; lastKnownFileType = sourcecode.c.h; path = "OneAllViewController+Actions.h"; sourceTree = "<group>"; };
		B55B05F01F46DB9C009550D2 /* OneAllViewController+Actions.m */ = {isa = PBXFileReference; fileEncoding = 4; lastKnownFileType = sourcecode.c.objc; path = "OneAllViewController+Actions.m"; sourceTree = "<group>"; };
		B5773A8C1F4A85E80034CE81 /* OneDiaryModel.h */ = {isa = PBXFileReference; fileEncoding = 4; lastKnownFileType = sourcecode.c.h; path = OneDiaryModel.h; sourceTree = "<group>"; };
		B5773A8D1F4A85E80034CE81 /* OneDiaryModel.m */ = {isa = PBXFileReference; fileEncoding = 4; lastKnownFileType = sourcecode.c.objc; path = OneDiaryModel.m; sourceTree = "<group>"; };
		B5773A8F1F4A88110034CE81 /* OneMeViewController+NetWork.h */ = {isa = PBXFileReference; fileEncoding = 4; lastKnownFileType = sourcecode.c.h; path = "OneMeViewController+NetWork.h"; sourceTree = "<group>"; };
		B5773A901F4A88110034CE81 /* OneMeViewController+NetWork.m */ = {isa = PBXFileReference; fileEncoding = 4; lastKnownFileType = sourcecode.c.objc; path = "OneMeViewController+NetWork.m"; sourceTree = "<group>"; };
		B5773A921F4AB88E0034CE81 /* OneMoreView.h */ = {isa = PBXFileReference; fileEncoding = 4; lastKnownFileType = sourcecode.c.h; path = OneMoreView.h; sourceTree = "<group>"; };
		B5773A931F4AB88E0034CE81 /* OneMoreView.m */ = {isa = PBXFileReference; fileEncoding = 4; lastKnownFileType = sourcecode.c.objc; path = OneMoreView.m; sourceTree = "<group>"; };
		B57E43691F553E3E00DEC237 /* OneMovieCell.h */ = {isa = PBXFileReference; fileEncoding = 4; lastKnownFileType = sourcecode.c.h; path = OneMovieCell.h; sourceTree = "<group>"; };
		B57E436A1F553E3E00DEC237 /* OneMovieCell.m */ = {isa = PBXFileReference; fileEncoding = 4; lastKnownFileType = sourcecode.c.objc; path = OneMovieCell.m; sourceTree = "<group>"; };
		B57E436C1F553EBE00DEC237 /* OneMovieContentView.h */ = {isa = PBXFileReference; fileEncoding = 4; lastKnownFileType = sourcecode.c.h; path = OneMovieContentView.h; sourceTree = "<group>"; };
		B57E436D1F553EBE00DEC237 /* OneMovieContentView.m */ = {isa = PBXFileReference; fileEncoding = 4; lastKnownFileType = sourcecode.c.objc; path = OneMovieContentView.m; sourceTree = "<group>"; };
		B57E436F1F553EE500DEC237 /* OneMovieContentCellHeight.h */ = {isa = PBXFileReference; fileEncoding = 4; lastKnownFileType = sourcecode.c.h; path = OneMovieContentCellHeight.h; sourceTree = "<group>"; };
		B57E43701F553EE500DEC237 /* OneMovieContentCellHeight.m */ = {isa = PBXFileReference; fileEncoding = 4; lastKnownFileType = sourcecode.c.objc; path = OneMovieContentCellHeight.m; sourceTree = "<group>"; };
		B57E4A761F500FDB00F6E482 /* OneMusicContentCell.h */ = {isa = PBXFileReference; fileEncoding = 4; lastKnownFileType = sourcecode.c.h; path = OneMusicContentCell.h; sourceTree = "<group>"; };
		B57E4A771F500FDB00F6E482 /* OneMusicContentCell.m */ = {isa = PBXFileReference; fileEncoding = 4; lastKnownFileType = sourcecode.c.objc; path = OneMusicContentCell.m; sourceTree = "<group>"; };
		B57F0D651F41991400FD1AB7 /* OneAllViewController.h */ = {isa = PBXFileReference; fileEncoding = 4; lastKnownFileType = sourcecode.c.h; path = OneAllViewController.h; sourceTree = "<group>"; };
		B57F0D661F41991400FD1AB7 /* OneAllViewController.m */ = {isa = PBXFileReference; fileEncoding = 4; lastKnownFileType = sourcecode.c.objc; path = OneAllViewController.m; sourceTree = "<group>"; };
		B57F0D681F41991400FD1AB7 /* OneMeViewController.h */ = {isa = PBXFileReference; fileEncoding = 4; lastKnownFileType = sourcecode.c.h; path = OneMeViewController.h; sourceTree = "<group>"; };
		B57F0D691F41991400FD1AB7 /* OneMeViewController.m */ = {isa = PBXFileReference; fileEncoding = 4; lastKnownFileType = sourcecode.c.objc; path = OneMeViewController.m; sourceTree = "<group>"; };
		B58488D01F06458E00ED92ED /* One.app */ = {isa = PBXFileReference; explicitFileType = wrapper.application; includeInIndex = 0; path = One.app; sourceTree = BUILT_PRODUCTS_DIR; };
		B58488D41F06458E00ED92ED /* main.m */ = {isa = PBXFileReference; lastKnownFileType = sourcecode.c.objc; path = main.m; sourceTree = "<group>"; };
		B58488D61F06458E00ED92ED /* AppDelegate.h */ = {isa = PBXFileReference; lastKnownFileType = sourcecode.c.h; path = AppDelegate.h; sourceTree = "<group>"; };
		B58488D71F06458E00ED92ED /* AppDelegate.m */ = {isa = PBXFileReference; lastKnownFileType = sourcecode.c.objc; path = AppDelegate.m; sourceTree = "<group>"; };
		B58488DF1F06458E00ED92ED /* Assets.xcassets */ = {isa = PBXFileReference; lastKnownFileType = folder.assetcatalog; path = Assets.xcassets; sourceTree = "<group>"; };
		B58488E21F06458E00ED92ED /* Base */ = {isa = PBXFileReference; lastKnownFileType = file.storyboard; name = Base; path = Base.lproj/LaunchScreen.storyboard; sourceTree = "<group>"; };
		B58488E41F06458E00ED92ED /* Info.plist */ = {isa = PBXFileReference; lastKnownFileType = text.plist.xml; path = Info.plist; sourceTree = "<group>"; };
		B58488E91F06458E00ED92ED /* OneTests.xctest */ = {isa = PBXFileReference; explicitFileType = wrapper.cfbundle; includeInIndex = 0; path = OneTests.xctest; sourceTree = BUILT_PRODUCTS_DIR; };
		B58488ED1F06458E00ED92ED /* OneTests.m */ = {isa = PBXFileReference; lastKnownFileType = sourcecode.c.objc; path = OneTests.m; sourceTree = "<group>"; };
		B58488EF1F06458E00ED92ED /* Info.plist */ = {isa = PBXFileReference; lastKnownFileType = text.plist.xml; path = Info.plist; sourceTree = "<group>"; };
		B58488F41F06458E00ED92ED /* OneUITests.xctest */ = {isa = PBXFileReference; explicitFileType = wrapper.cfbundle; includeInIndex = 0; path = OneUITests.xctest; sourceTree = BUILT_PRODUCTS_DIR; };
		B58488F81F06458E00ED92ED /* OneUITests.m */ = {isa = PBXFileReference; lastKnownFileType = sourcecode.c.objc; path = OneUITests.m; sourceTree = "<group>"; };
		B58488FA1F06458E00ED92ED /* Info.plist */ = {isa = PBXFileReference; lastKnownFileType = text.plist.xml; path = Info.plist; sourceTree = "<group>"; };
		B59A68761F4D1F8600B251B5 /* OneTopCell.h */ = {isa = PBXFileReference; fileEncoding = 4; lastKnownFileType = sourcecode.c.h; path = OneTopCell.h; sourceTree = "<group>"; };
		B59A68771F4D1F8600B251B5 /* OneTopCell.m */ = {isa = PBXFileReference; fileEncoding = 4; lastKnownFileType = sourcecode.c.objc; path = OneTopCell.m; sourceTree = "<group>"; };
/* End PBXFileReference section */

/* Begin PBXFrameworksBuildPhase section */
		B58488CD1F06458E00ED92ED /* Frameworks */ = {
			isa = PBXFrameworksBuildPhase;
			buildActionMask = 2147483647;
			files = (
				B53B4B941F4E73BF0035B334 /* ImageIO.framework in Frameworks */,
				54BF356F8BB980D08A8809D0 /* libPods-One.a in Frameworks */,
			);
			runOnlyForDeploymentPostprocessing = 0;
		};
		B58488E61F06458E00ED92ED /* Frameworks */ = {
			isa = PBXFrameworksBuildPhase;
			buildActionMask = 2147483647;
			files = (
			);
			runOnlyForDeploymentPostprocessing = 0;
		};
		B58488F11F06458E00ED92ED /* Frameworks */ = {
			isa = PBXFrameworksBuildPhase;
			buildActionMask = 2147483647;
			files = (
			);
			runOnlyForDeploymentPostprocessing = 0;
		};
/* End PBXFrameworksBuildPhase section */

/* Begin PBXGroup section */
		4D1738447A6A5E531299C662 /* Pods */ = {
			isa = PBXGroup;
			children = (
				550E10BA832FF7DCD4E59405 /* Pods-One.debug.xcconfig */,
				B3D6B964FACAE21585FEEDB3 /* Pods-One.release.xcconfig */,
			);
			name = Pods;
			sourceTree = "<group>";
		};
		50638DA93811C2DA840DF0C7 /* Frameworks */ = {
			isa = PBXGroup;
			children = (
				B53B4B931F4E73BF0035B334 /* ImageIO.framework */,
				42DCD24AEBAB3FD0383D131A /* libPods-One.a */,
			);
			name = Frameworks;
			sourceTree = "<group>";
		};
		B520A7611F0B68C800BB505B /* Common */ = {
			isa = PBXGroup;
			children = (
				B520A7621F0B68C800BB505B /* OneTabBarController.h */,
				B520A7631F0B68C800BB505B /* OneTabBarController.m */,
				B520A77E1F0B6E3C00BB505B /* OneBaseViewController.h */,
				B520A77F1F0B6E3C00BB505B /* OneBaseViewController.m */,
			);
			path = Common;
			sourceTree = "<group>";
		};
		B520A76D1F0B68C800BB505B /* OneHome */ = {
			isa = PBXGroup;
			children = (
				B520A76E1F0B68C800BB505B /* OneHomeViewController.h */,
				B520A76F1F0B68C800BB505B /* OneHomeViewController.m */,
				B520A7901F0DD27F00BB505B /* OneHomeViewController+NetWork.h */,
				B520A7911F0DD27F00BB505B /* OneHomeViewController+NetWork.m */,
				B520A7931F0DD28C00BB505B /* OneHomeViewController+Action.h */,
				B520A7941F0DD28C00BB505B /* OneHomeViewController+Action.m */,
			);
			path = OneHome;
			sourceTree = "<group>";
		};
		B520A7751F0B6C1100BB505B /* Models */ = {
			isa = PBXGroup;
			children = (
				B53CD19B1F42881100268C7C /* Home */,
				B53CD19A1F42881100268C7C /* All */,
				B53CD1A01F42881100268C7C /* Me */,
			);
			path = Models;
			sourceTree = "<group>";
		};
		B520A7761F0B6C1100BB505B /* Views */ = {
			isa = PBXGroup;
			children = (
				B53CD1A41F42881D00268C7C /* Home */,
				B53CD1A31F42881D00268C7C /* All */,
				B53CD1AD1F42881D00268C7C /* Me */,
			);
			path = Views;
			sourceTree = "<group>";
		};
		B520A7881F0CBFFF00BB505B /* Common */ = {
			isa = PBXGroup;
			children = (
				B53CD1B51F4297BA00268C7C /* OneDefines.h */,
				B520A7891F0CC01E00BB505B /* OneHttpLinks.h */,
				B520A78A1F0CC1B400BB505B /* OneHttpManager.h */,
				B520A78B1F0CC1B400BB505B /* OneHttpManager.m */,
			);
			path = Common;
			sourceTree = "<group>";
		};
		B53CD19A1F42881100268C7C /* All */ = {
			isa = PBXGroup;
			children = (
				B55B05E41F468E36009550D2 /* OneBannerListData.h */,
				B55B05E51F468E36009550D2 /* OneBannerListData.m */,
				B55B05E81F46BC23009550D2 /* OneAuthorHotData.h */,
				B55B05E91F46BC23009550D2 /* OneAuthorHotData.m */,
			);
			path = All;
			sourceTree = "<group>";
		};
		B53CD19B1F42881100268C7C /* Home */ = {
			isa = PBXGroup;
			children = (
				B53CD19C1F42881100268C7C /* OneListCellHeight.h */,
				B53CD19D1F42881100268C7C /* OneListCellHeight.m */,
				B53B4B951F4E75B30035B334 /* OneContentCellHeight.h */,
				B53B4B961F4E75B30035B334 /* OneContentCellHeight.m */,
				B53CD19E1F42881100268C7C /* OneListModel.h */,
				B53CD19F1F42881100268C7C /* OneListModel.m */,
				B53B4B9B1F4ED26C0035B334 /* OneMusicContentCellHeight.h */,
				B53B4B9C1F4ED26C0035B334 /* OneMusicContentCellHeight.m */,
				B57E436F1F553EE500DEC237 /* OneMovieContentCellHeight.h */,
				B57E43701F553EE500DEC237 /* OneMovieContentCellHeight.m */,
			);
			path = Home;
			sourceTree = "<group>";
		};
		B53CD1A01F42881100268C7C /* Me */ = {
			isa = PBXGroup;
			children = (
				B5773A8C1F4A85E80034CE81 /* OneDiaryModel.h */,
				B5773A8D1F4A85E80034CE81 /* OneDiaryModel.m */,
			);
			path = Me;
			sourceTree = "<group>";
		};
		B53CD1A31F42881D00268C7C /* All */ = {
			isa = PBXGroup;
			children = (
				B53CD1B21F428DAA00268C7C /* OneRollViewCell.h */,
				B53CD1B31F428DAA00268C7C /* OneRollViewCell.m */,
				B53CD1B61F429A9D00268C7C /* OneClassifyCell.h */,
				B53CD1B71F429A9D00268C7C /* OneClassifyCell.m */,
				B53CD1B91F42D03200268C7C /* OneSubjectCell.h */,
				B53CD1BA1F42D03200268C7C /* OneSubjectCell.m */,
				B53CD1BC1F42E81100268C7C /* OneHotAuthorCell.h */,
				B53CD1BD1F42E81100268C7C /* OneHotAuthorCell.m */,
				B55B05EC1F46C4A8009550D2 /* OneAskCell.h */,
				B55B05ED1F46C4A8009550D2 /* OneAskCell.m */,
			);
			path = All;
			sourceTree = "<group>";
		};
		B53CD1A41F42881D00268C7C /* Home */ = {
			isa = PBXGroup;
			children = (
				B59A68761F4D1F8600B251B5 /* OneTopCell.h */,
				B59A68771F4D1F8600B251B5 /* OneTopCell.m */,
				B53CD1A51F42881D00268C7C /* OneContentCell.h */,
				B53CD1A61F42881D00268C7C /* OneContentCell.m */,
				B57E4A761F500FDB00F6E482 /* OneMusicContentCell.h */,
				B57E4A771F500FDB00F6E482 /* OneMusicContentCell.m */,
				B57E43691F553E3E00DEC237 /* OneMovieCell.h */,
				B57E436A1F553E3E00DEC237 /* OneMovieCell.m */,
				B53CD1A71F42881D00268C7C /* OneContentView.h */,
				B53CD1A81F42881D00268C7C /* OneContentView.m */,
				B53B4B981F4ED0F20035B334 /* OneMusicContentView.h */,
				B53B4B991F4ED0F20035B334 /* OneMusicContentView.m */,
				B57E436C1F553EBE00DEC237 /* OneMovieContentView.h */,
				B57E436D1F553EBE00DEC237 /* OneMovieContentView.m */,
				B53CD1A91F42881D00268C7C /* OneMenuView.h */,
				B53CD1AA1F42881D00268C7C /* OneMenuView.m */,
				B51EB1691F5560980020D4F3 /* OneTipsMenuView.h */,
				B51EB16A1F5560980020D4F3 /* OneTipsMenuView.m */,
				B53CD1AB1F42881D00268C7C /* OneTroposphereCell.h */,
				B53CD1AC1F42881D00268C7C /* OneTroposphereCell.m */,
			);
			path = Home;
			sourceTree = "<group>";
		};
		B53CD1AD1F42881D00268C7C /* Me */ = {
			isa = PBXGroup;
			children = (
				B51F22B61F43EFA700C66375 /* OneUserCenterHeaderCell.h */,
				B51F22B71F43EFA700C66375 /* OneUserCenterHeaderCell.m */,
				B51F22B91F43EFBA00C66375 /* OneMyCollectCell.h */,
				B51F22BA1F43EFBA00C66375 /* OneMyCollectCell.m */,
				B51F22BC1F43EFCE00C66375 /* OneMyFollowCell.h */,
				B51F22BD1F43EFCE00C66375 /* OneMyFollowCell.m */,
				B5773A921F4AB88E0034CE81 /* OneMoreView.h */,
				B5773A931F4AB88E0034CE81 /* OneMoreView.m */,
			);
			path = Me;
			sourceTree = "<group>";
		};
		B57F0D641F41991400FD1AB7 /* OneAll */ = {
			isa = PBXGroup;
			children = (
				B57F0D651F41991400FD1AB7 /* OneAllViewController.h */,
				B57F0D661F41991400FD1AB7 /* OneAllViewController.m */,
				B55B05E11F468D24009550D2 /* OneAllViewController+NetWork.h */,
				B55B05E21F468D24009550D2 /* OneAllViewController+NetWork.m */,
				B55B05EF1F46DB9C009550D2 /* OneAllViewController+Actions.h */,
				B55B05F01F46DB9C009550D2 /* OneAllViewController+Actions.m */,
			);
			path = OneAll;
			sourceTree = "<group>";
		};
		B57F0D671F41991400FD1AB7 /* OneMe */ = {
			isa = PBXGroup;
			children = (
				B57F0D681F41991400FD1AB7 /* OneMeViewController.h */,
				B57F0D691F41991400FD1AB7 /* OneMeViewController.m */,
				B5773A8F1F4A88110034CE81 /* OneMeViewController+NetWork.h */,
				B5773A901F4A88110034CE81 /* OneMeViewController+NetWork.m */,
			);
			path = OneMe;
			sourceTree = "<group>";
		};
		B58488C71F06458E00ED92ED = {
			isa = PBXGroup;
			children = (
				B58488D21F06458E00ED92ED /* One */,
				B58488EC1F06458E00ED92ED /* OneTests */,
				B58488F71F06458E00ED92ED /* OneUITests */,
				B58488D11F06458E00ED92ED /* Products */,
				4D1738447A6A5E531299C662 /* Pods */,
				50638DA93811C2DA840DF0C7 /* Frameworks */,
			);
			sourceTree = "<group>";
		};
		B58488D11F06458E00ED92ED /* Products */ = {
			isa = PBXGroup;
			children = (
				B58488D01F06458E00ED92ED /* One.app */,
				B58488E91F06458E00ED92ED /* OneTests.xctest */,
				B58488F41F06458E00ED92ED /* OneUITests.xctest */,
			);
			name = Products;
			sourceTree = "<group>";
		};
		B58488D21F06458E00ED92ED /* One */ = {
			isa = PBXGroup;
			children = (
				B520A7881F0CBFFF00BB505B /* Common */,
				B520A7751F0B6C1100BB505B /* Models */,
				B520A7761F0B6C1100BB505B /* Views */,
				B584890A1F064B4C00ED92ED /* Controllers */,
				B58488D61F06458E00ED92ED /* AppDelegate.h */,
				B58488D71F06458E00ED92ED /* AppDelegate.m */,
				B520A7811F0B910A00BB505B /* One-Prefix.pch */,
				B58488DF1F06458E00ED92ED /* Assets.xcassets */,
				B58488E11F06458E00ED92ED /* LaunchScreen.storyboard */,
				B58488E41F06458E00ED92ED /* Info.plist */,
				B58488D31F06458E00ED92ED /* Supporting Files */,
			);
			path = One;
			sourceTree = "<group>";
		};
		B58488D31F06458E00ED92ED /* Supporting Files */ = {
			isa = PBXGroup;
			children = (
				B58488D41F06458E00ED92ED /* main.m */,
			);
			name = "Supporting Files";
			sourceTree = "<group>";
		};
		B58488EC1F06458E00ED92ED /* OneTests */ = {
			isa = PBXGroup;
			children = (
				B58488ED1F06458E00ED92ED /* OneTests.m */,
				B58488EF1F06458E00ED92ED /* Info.plist */,
			);
			path = OneTests;
			sourceTree = "<group>";
		};
		B58488F71F06458E00ED92ED /* OneUITests */ = {
			isa = PBXGroup;
			children = (
				B58488F81F06458E00ED92ED /* OneUITests.m */,
				B58488FA1F06458E00ED92ED /* Info.plist */,
			);
			path = OneUITests;
			sourceTree = "<group>";
		};
		B584890A1F064B4C00ED92ED /* Controllers */ = {
			isa = PBXGroup;
			children = (
				B520A7611F0B68C800BB505B /* Common */,
				B520A76D1F0B68C800BB505B /* OneHome */,
				B57F0D641F41991400FD1AB7 /* OneAll */,
				B57F0D671F41991400FD1AB7 /* OneMe */,
			);
			path = Controllers;
			sourceTree = "<group>";
		};
/* End PBXGroup section */

/* Begin PBXNativeTarget section */
		B58488CF1F06458E00ED92ED /* One */ = {
			isa = PBXNativeTarget;
			buildConfigurationList = B58488FD1F06458E00ED92ED /* Build configuration list for PBXNativeTarget "One" */;
			buildPhases = (
				28DC264EB530E4C0DB1D54DC /* [CP] Check Pods Manifest.lock */,
				B58488CC1F06458E00ED92ED /* Sources */,
				B58488CD1F06458E00ED92ED /* Frameworks */,
				B58488CE1F06458E00ED92ED /* Resources */,
				7016715363589A24A7554FF2 /* [CP] Embed Pods Frameworks */,
				B9CFA33B194C342565C10DA5 /* [CP] Copy Pods Resources */,
			);
			buildRules = (
			);
			dependencies = (
			);
			name = One;
			productName = One;
			productReference = B58488D01F06458E00ED92ED /* One.app */;
			productType = "com.apple.product-type.application";
		};
		B58488E81F06458E00ED92ED /* OneTests */ = {
			isa = PBXNativeTarget;
			buildConfigurationList = B58489001F06458E00ED92ED /* Build configuration list for PBXNativeTarget "OneTests" */;
			buildPhases = (
				B58488E51F06458E00ED92ED /* Sources */,
				B58488E61F06458E00ED92ED /* Frameworks */,
				B58488E71F06458E00ED92ED /* Resources */,
			);
			buildRules = (
			);
			dependencies = (
				B58488EB1F06458E00ED92ED /* PBXTargetDependency */,
			);
			name = OneTests;
			productName = OneTests;
			productReference = B58488E91F06458E00ED92ED /* OneTests.xctest */;
			productType = "com.apple.product-type.bundle.unit-test";
		};
		B58488F31F06458E00ED92ED /* OneUITests */ = {
			isa = PBXNativeTarget;
			buildConfigurationList = B58489031F06458E00ED92ED /* Build configuration list for PBXNativeTarget "OneUITests" */;
			buildPhases = (
				B58488F01F06458E00ED92ED /* Sources */,
				B58488F11F06458E00ED92ED /* Frameworks */,
				B58488F21F06458E00ED92ED /* Resources */,
			);
			buildRules = (
			);
			dependencies = (
				B58488F61F06458E00ED92ED /* PBXTargetDependency */,
			);
			name = OneUITests;
			productName = OneUITests;
			productReference = B58488F41F06458E00ED92ED /* OneUITests.xctest */;
			productType = "com.apple.product-type.bundle.ui-testing";
		};
/* End PBXNativeTarget section */

/* Begin PBXProject section */
		B58488C81F06458E00ED92ED /* Project object */ = {
			isa = PBXProject;
			attributes = {
				LastUpgradeCheck = 0830;
				ORGANIZATIONNAME = hanyutong;
				TargetAttributes = {
					B58488CF1F06458E00ED92ED = {
						CreatedOnToolsVersion = 8.3.3;
						DevelopmentTeam = FX625MT89Z;
						ProvisioningStyle = Automatic;
					};
					B58488E81F06458E00ED92ED = {
						CreatedOnToolsVersion = 8.3.3;
						DevelopmentTeam = 924VA47ZK6;
						ProvisioningStyle = Automatic;
						TestTargetID = B58488CF1F06458E00ED92ED;
					};
					B58488F31F06458E00ED92ED = {
						CreatedOnToolsVersion = 8.3.3;
						DevelopmentTeam = 924VA47ZK6;
						ProvisioningStyle = Automatic;
						TestTargetID = B58488CF1F06458E00ED92ED;
					};
				};
			};
			buildConfigurationList = B58488CB1F06458E00ED92ED /* Build configuration list for PBXProject "One" */;
			compatibilityVersion = "Xcode 3.2";
			developmentRegion = English;
			hasScannedForEncodings = 0;
			knownRegions = (
				en,
				Base,
			);
			mainGroup = B58488C71F06458E00ED92ED;
			productRefGroup = B58488D11F06458E00ED92ED /* Products */;
			projectDirPath = "";
			projectRoot = "";
			targets = (
				B58488CF1F06458E00ED92ED /* One */,
				B58488E81F06458E00ED92ED /* OneTests */,
				B58488F31F06458E00ED92ED /* OneUITests */,
			);
		};
/* End PBXProject section */

/* Begin PBXResourcesBuildPhase section */
		B58488CE1F06458E00ED92ED /* Resources */ = {
			isa = PBXResourcesBuildPhase;
			buildActionMask = 2147483647;
			files = (
				B58488E31F06458E00ED92ED /* LaunchScreen.storyboard in Resources */,
				B58488E01F06458E00ED92ED /* Assets.xcassets in Resources */,
			);
			runOnlyForDeploymentPostprocessing = 0;
		};
		B58488E71F06458E00ED92ED /* Resources */ = {
			isa = PBXResourcesBuildPhase;
			buildActionMask = 2147483647;
			files = (
			);
			runOnlyForDeploymentPostprocessing = 0;
		};
		B58488F21F06458E00ED92ED /* Resources */ = {
			isa = PBXResourcesBuildPhase;
			buildActionMask = 2147483647;
			files = (
			);
			runOnlyForDeploymentPostprocessing = 0;
		};
/* End PBXResourcesBuildPhase section */

/* Begin PBXShellScriptBuildPhase section */
		28DC264EB530E4C0DB1D54DC /* [CP] Check Pods Manifest.lock */ = {
			isa = PBXShellScriptBuildPhase;
			buildActionMask = 2147483647;
			files = (
			);
			inputPaths = (
			);
			name = "[CP] Check Pods Manifest.lock";
			outputPaths = (
			);
			runOnlyForDeploymentPostprocessing = 0;
			shellPath = /bin/sh;
			shellScript = "diff \"${PODS_ROOT}/../Podfile.lock\" \"${PODS_ROOT}/Manifest.lock\" > /dev/null\nif [ $? != 0 ] ; then\n    # print error to STDERR\n    echo \"error: The sandbox is not in sync with the Podfile.lock. Run 'pod install' or update your CocoaPods installation.\" >&2\n    exit 1\nfi\n";
			showEnvVarsInLog = 0;
		};
		7016715363589A24A7554FF2 /* [CP] Embed Pods Frameworks */ = {
			isa = PBXShellScriptBuildPhase;
			buildActionMask = 2147483647;
			files = (
			);
			inputPaths = (
			);
			name = "[CP] Embed Pods Frameworks";
			outputPaths = (
			);
			runOnlyForDeploymentPostprocessing = 0;
			shellPath = /bin/sh;
			shellScript = "\"${SRCROOT}/Pods/Target Support Files/Pods-One/Pods-One-frameworks.sh\"\n";
			showEnvVarsInLog = 0;
		};
		B9CFA33B194C342565C10DA5 /* [CP] Copy Pods Resources */ = {
			isa = PBXShellScriptBuildPhase;
			buildActionMask = 2147483647;
			files = (
			);
			inputPaths = (
			);
			name = "[CP] Copy Pods Resources";
			outputPaths = (
			);
			runOnlyForDeploymentPostprocessing = 0;
			shellPath = /bin/sh;
			shellScript = "\"${SRCROOT}/Pods/Target Support Files/Pods-One/Pods-One-resources.sh\"\n";
			showEnvVarsInLog = 0;
		};
/* End PBXShellScriptBuildPhase section */

/* Begin PBXSourcesBuildPhase section */
		B58488CC1F06458E00ED92ED /* Sources */ = {
			isa = PBXSourcesBuildPhase;
			buildActionMask = 2147483647;
			files = (
				B55B05E31F468D24009550D2 /* OneAllViewController+NetWork.m in Sources */,
				B51F22B81F43EFA700C66375 /* OneUserCenterHeaderCell.m in Sources */,
				B520A7741F0B68C800BB505B /* OneHomeViewController.m in Sources */,
				B55B05E61F468E36009550D2 /* OneBannerListData.m in Sources */,
				B53CD1AF1F42881D00268C7C /* OneContentView.m in Sources */,
				B57F0D6B1F41991400FD1AB7 /* OneMeViewController.m in Sources */,
				B520A7701F0B68C800BB505B /* OneTabBarController.m in Sources */,
				B53CD1B81F429A9D00268C7C /* OneClassifyCell.m in Sources */,
				B58488D81F06458E00ED92ED /* AppDelegate.m in Sources */,
				B53CD1BB1F42D03200268C7C /* OneSubjectCell.m in Sources */,
				B57E436B1F553E3E00DEC237 /* OneMovieCell.m in Sources */,
				B55B05EE1F46C4A8009550D2 /* OneAskCell.m in Sources */,
				B57E436E1F553EBE00DEC237 /* OneMovieContentView.m in Sources */,
				B520A78C1F0CC1B400BB505B /* OneHttpManager.m in Sources */,
				B55B05EA1F46BC23009550D2 /* OneAuthorHotData.m in Sources */,
				B53CD1A21F42881100268C7C /* OneListModel.m in Sources */,
				B58488D51F06458E00ED92ED /* main.m in Sources */,
				B53B4B9A1F4ED0F20035B334 /* OneMusicContentView.m in Sources */,
				B520A7951F0DD28C00BB505B /* OneHomeViewController+Action.m in Sources */,
				B5773A911F4A88110034CE81 /* OneMeViewController+NetWork.m in Sources */,
				B51F22BE1F43EFCE00C66375 /* OneMyFollowCell.m in Sources */,
				B57E43711F553EE500DEC237 /* OneMovieContentCellHeight.m in Sources */,
				B520A7801F0B6E3C00BB505B /* OneBaseViewController.m in Sources */,
				B57F0D6A1F41991400FD1AB7 /* OneAllViewController.m in Sources */,
				B53CD1BE1F42E81100268C7C /* OneHotAuthorCell.m in Sources */,
				B57E4A781F500FDB00F6E482 /* OneMusicContentCell.m in Sources */,
				B51F22BB1F43EFBA00C66375 /* OneMyCollectCell.m in Sources */,
				B53CD1AE1F42881D00268C7C /* OneContentCell.m in Sources */,
				B53CD1B41F428DAA00268C7C /* OneRollViewCell.m in Sources */,
				B53B4B971F4E75B30035B334 /* OneContentCellHeight.m in Sources */,
				B51EB16B1F5560980020D4F3 /* OneTipsMenuView.m in Sources */,
				B53CD1B11F42881D00268C7C /* OneTroposphereCell.m in Sources */,
				B53B4B9D1F4ED26C0035B334 /* OneMusicContentCellHeight.m in Sources */,
				B53CD1B01F42881D00268C7C /* OneMenuView.m in Sources */,
				B53CD1A11F42881100268C7C /* OneListCellHeight.m in Sources */,
				B520A7921F0DD27F00BB505B /* OneHomeViewController+NetWork.m in Sources */,
				B59A68781F4D1F8600B251B5 /* OneTopCell.m in Sources */,
				B5773A8E1F4A85E80034CE81 /* OneDiaryModel.m in Sources */,
				B5773A941F4AB88E0034CE81 /* OneMoreView.m in Sources */,
				B55B05F11F46DB9C009550D2 /* OneAllViewController+Actions.m in Sources */,
			);
			runOnlyForDeploymentPostprocessing = 0;
		};
		B58488E51F06458E00ED92ED /* Sources */ = {
			isa = PBXSourcesBuildPhase;
			buildActionMask = 2147483647;
			files = (
				B58488EE1F06458E00ED92ED /* OneTests.m in Sources */,
			);
			runOnlyForDeploymentPostprocessing = 0;
		};
		B58488F01F06458E00ED92ED /* Sources */ = {
			isa = PBXSourcesBuildPhase;
			buildActionMask = 2147483647;
			files = (
				B58488F91F06458E00ED92ED /* OneUITests.m in Sources */,
			);
			runOnlyForDeploymentPostprocessing = 0;
		};
/* End PBXSourcesBuildPhase section */

/* Begin PBXTargetDependency section */
		B58488EB1F06458E00ED92ED /* PBXTargetDependency */ = {
			isa = PBXTargetDependency;
			target = B58488CF1F06458E00ED92ED /* One */;
			targetProxy = B58488EA1F06458E00ED92ED /* PBXContainerItemProxy */;
		};
		B58488F61F06458E00ED92ED /* PBXTargetDependency */ = {
			isa = PBXTargetDependency;
			target = B58488CF1F06458E00ED92ED /* One */;
			targetProxy = B58488F51F06458E00ED92ED /* PBXContainerItemProxy */;
		};
/* End PBXTargetDependency section */

/* Begin PBXVariantGroup section */
		B58488E11F06458E00ED92ED /* LaunchScreen.storyboard */ = {
			isa = PBXVariantGroup;
			children = (
				B58488E21F06458E00ED92ED /* Base */,
			);
			name = LaunchScreen.storyboard;
			sourceTree = "<group>";
		};
/* End PBXVariantGroup section */

/* Begin XCBuildConfiguration section */
		B58488FB1F06458E00ED92ED /* Debug */ = {
			isa = XCBuildConfiguration;
			buildSettings = {
				ALWAYS_SEARCH_USER_PATHS = NO;
				CLANG_ANALYZER_NONNULL = YES;
				CLANG_ANALYZER_NUMBER_OBJECT_CONVERSION = YES_AGGRESSIVE;
				CLANG_CXX_LANGUAGE_STANDARD = "gnu++0x";
				CLANG_CXX_LIBRARY = "libc++";
				CLANG_ENABLE_MODULES = YES;
				CLANG_ENABLE_OBJC_ARC = YES;
				CLANG_WARN_BOOL_CONVERSION = YES;
				CLANG_WARN_CONSTANT_CONVERSION = YES;
				CLANG_WARN_DIRECT_OBJC_ISA_USAGE = YES_ERROR;
				CLANG_WARN_DOCUMENTATION_COMMENTS = YES;
				CLANG_WARN_EMPTY_BODY = YES;
				CLANG_WARN_ENUM_CONVERSION = YES;
				CLANG_WARN_INFINITE_RECURSION = YES;
				CLANG_WARN_INT_CONVERSION = YES;
				CLANG_WARN_OBJC_ROOT_CLASS = YES_ERROR;
				CLANG_WARN_SUSPICIOUS_MOVE = YES;
				CLANG_WARN_UNREACHABLE_CODE = YES;
				CLANG_WARN__DUPLICATE_METHOD_MATCH = YES;
				"CODE_SIGN_IDENTITY[sdk=iphoneos*]" = "iPhone Developer";
				COPY_PHASE_STRIP = NO;
				DEBUG_INFORMATION_FORMAT = dwarf;
				ENABLE_STRICT_OBJC_MSGSEND = YES;
				ENABLE_TESTABILITY = YES;
				GCC_C_LANGUAGE_STANDARD = gnu99;
				GCC_DYNAMIC_NO_PIC = NO;
				GCC_NO_COMMON_BLOCKS = YES;
				GCC_OPTIMIZATION_LEVEL = 0;
				GCC_PREPROCESSOR_DEFINITIONS = (
					"DEBUG=1",
					"$(inherited)",
				);
				GCC_WARN_64_TO_32_BIT_CONVERSION = YES;
				GCC_WARN_ABOUT_RETURN_TYPE = YES_ERROR;
				GCC_WARN_UNDECLARED_SELECTOR = YES;
				GCC_WARN_UNINITIALIZED_AUTOS = YES_AGGRESSIVE;
				GCC_WARN_UNUSED_FUNCTION = YES;
				GCC_WARN_UNUSED_VARIABLE = YES;
				IPHONEOS_DEPLOYMENT_TARGET = 10.3;
				MTL_ENABLE_DEBUG_INFO = YES;
				ONLY_ACTIVE_ARCH = YES;
				SDKROOT = iphoneos;
				TARGETED_DEVICE_FAMILY = "1,2";
			};
			name = Debug;
		};
		B58488FC1F06458E00ED92ED /* Release */ = {
			isa = XCBuildConfiguration;
			buildSettings = {
				ALWAYS_SEARCH_USER_PATHS = NO;
				CLANG_ANALYZER_NONNULL = YES;
				CLANG_ANALYZER_NUMBER_OBJECT_CONVERSION = YES_AGGRESSIVE;
				CLANG_CXX_LANGUAGE_STANDARD = "gnu++0x";
				CLANG_CXX_LIBRARY = "libc++";
				CLANG_ENABLE_MODULES = YES;
				CLANG_ENABLE_OBJC_ARC = YES;
				CLANG_WARN_BOOL_CONVERSION = YES;
				CLANG_WARN_CONSTANT_CONVERSION = YES;
				CLANG_WARN_DIRECT_OBJC_ISA_USAGE = YES_ERROR;
				CLANG_WARN_DOCUMENTATION_COMMENTS = YES;
				CLANG_WARN_EMPTY_BODY = YES;
				CLANG_WARN_ENUM_CONVERSION = YES;
				CLANG_WARN_INFINITE_RECURSION = YES;
				CLANG_WARN_INT_CONVERSION = YES;
				CLANG_WARN_OBJC_ROOT_CLASS = YES_ERROR;
				CLANG_WARN_SUSPICIOUS_MOVE = YES;
				CLANG_WARN_UNREACHABLE_CODE = YES;
				CLANG_WARN__DUPLICATE_METHOD_MATCH = YES;
				"CODE_SIGN_IDENTITY[sdk=iphoneos*]" = "iPhone Developer";
				COPY_PHASE_STRIP = NO;
				DEBUG_INFORMATION_FORMAT = "dwarf-with-dsym";
				ENABLE_NS_ASSERTIONS = NO;
				ENABLE_STRICT_OBJC_MSGSEND = YES;
				GCC_C_LANGUAGE_STANDARD = gnu99;
				GCC_NO_COMMON_BLOCKS = YES;
				GCC_WARN_64_TO_32_BIT_CONVERSION = YES;
				GCC_WARN_ABOUT_RETURN_TYPE = YES_ERROR;
				GCC_WARN_UNDECLARED_SELECTOR = YES;
				GCC_WARN_UNINITIALIZED_AUTOS = YES_AGGRESSIVE;
				GCC_WARN_UNUSED_FUNCTION = YES;
				GCC_WARN_UNUSED_VARIABLE = YES;
				IPHONEOS_DEPLOYMENT_TARGET = 10.3;
				MTL_ENABLE_DEBUG_INFO = NO;
				SDKROOT = iphoneos;
				TARGETED_DEVICE_FAMILY = "1,2";
				VALIDATE_PRODUCT = YES;
			};
			name = Release;
		};
		B58488FE1F06458E00ED92ED /* Debug */ = {
			isa = XCBuildConfiguration;
			baseConfigurationReference = 550E10BA832FF7DCD4E59405 /* Pods-One.debug.xcconfig */;
			buildSettings = {
				ASSETCATALOG_COMPILER_APPICON_NAME = AppIcon;
				DEVELOPMENT_TEAM = FX625MT89Z;
				GCC_PREFIX_HEADER = "One/One-Prefix.pch";
				INFOPLIST_FILE = One/Info.plist;
				IPHONEOS_DEPLOYMENT_TARGET = 8.0;
				LD_RUNPATH_SEARCH_PATHS = "$(inherited) @executable_path/Frameworks";
				PRODUCT_BUNDLE_IDENTIFIER = com.xztz.xxx.One;
				PRODUCT_NAME = "$(TARGET_NAME)";
			};
			name = Debug;
		};
		B58488FF1F06458E00ED92ED /* Release */ = {
			isa = XCBuildConfiguration;
			baseConfigurationReference = B3D6B964FACAE21585FEEDB3 /* Pods-One.release.xcconfig */;
			buildSettings = {
				ASSETCATALOG_COMPILER_APPICON_NAME = AppIcon;
				DEVELOPMENT_TEAM = FX625MT89Z;
				GCC_PREFIX_HEADER = "One/One-Prefix.pch";
				INFOPLIST_FILE = One/Info.plist;
				IPHONEOS_DEPLOYMENT_TARGET = 8.0;
				LD_RUNPATH_SEARCH_PATHS = "$(inherited) @executable_path/Frameworks";
				PRODUCT_BUNDLE_IDENTIFIER = com.xztz.xxx.One;
				PRODUCT_NAME = "$(TARGET_NAME)";
			};
			name = Release;
		};
		B58489011F06458E00ED92ED /* Debug */ = {
			isa = XCBuildConfiguration;
			buildSettings = {
				BUNDLE_LOADER = "$(TEST_HOST)";
				DEVELOPMENT_TEAM = 924VA47ZK6;
				INFOPLIST_FILE = OneTests/Info.plist;
				LD_RUNPATH_SEARCH_PATHS = "$(inherited) @executable_path/Frameworks @loader_path/Frameworks";
				PRODUCT_BUNDLE_IDENTIFIER = com.xztz.xxx.OneTests;
				PRODUCT_NAME = "$(TARGET_NAME)";
				TEST_HOST = "$(BUILT_PRODUCTS_DIR)/One.app/One";
			};
			name = Debug;
		};
		B58489021F06458E00ED92ED /* Release */ = {
			isa = XCBuildConfiguration;
			buildSettings = {
				BUNDLE_LOADER = "$(TEST_HOST)";
				DEVELOPMENT_TEAM = 924VA47ZK6;
				INFOPLIST_FILE = OneTests/Info.plist;
				LD_RUNPATH_SEARCH_PATHS = "$(inherited) @executable_path/Frameworks @loader_path/Frameworks";
				PRODUCT_BUNDLE_IDENTIFIER = com.xztz.xxx.OneTests;
				PRODUCT_NAME = "$(TARGET_NAME)";
				TEST_HOST = "$(BUILT_PRODUCTS_DIR)/One.app/One";
			};
			name = Release;
		};
		B58489041F06458E00ED92ED /* Debug */ = {
			isa = XCBuildConfiguration;
			buildSettings = {
				DEVELOPMENT_TEAM = 924VA47ZK6;
				INFOPLIST_FILE = OneUITests/Info.plist;
				LD_RUNPATH_SEARCH_PATHS = "$(inherited) @executable_path/Frameworks @loader_path/Frameworks";
				PRODUCT_BUNDLE_IDENTIFIER = com.xztz.xxx.OneUITests;
				PRODUCT_NAME = "$(TARGET_NAME)";
				TEST_TARGET_NAME = One;
			};
			name = Debug;
		};
		B58489051F06458E00ED92ED /* Release */ = {
			isa = XCBuildConfiguration;
			buildSettings = {
				DEVELOPMENT_TEAM = 924VA47ZK6;
				INFOPLIST_FILE = OneUITests/Info.plist;
				LD_RUNPATH_SEARCH_PATHS = "$(inherited) @executable_path/Frameworks @loader_path/Frameworks";
				PRODUCT_BUNDLE_IDENTIFIER = com.xztz.xxx.OneUITests;
				PRODUCT_NAME = "$(TARGET_NAME)";
				TEST_TARGET_NAME = One;
			};
			name = Release;
		};
/* End XCBuildConfiguration section */

/* Begin XCConfigurationList section */
		B58488CB1F06458E00ED92ED /* Build configuration list for PBXProject "One" */ = {
			isa = XCConfigurationList;
			buildConfigurations = (
				B58488FB1F06458E00ED92ED /* Debug */,
				B58488FC1F06458E00ED92ED /* Release */,
			);
			defaultConfigurationIsVisible = 0;
			defaultConfigurationName = Release;
		};
		B58488FD1F06458E00ED92ED /* Build configuration list for PBXNativeTarget "One" */ = {
			isa = XCConfigurationList;
			buildConfigurations = (
				B58488FE1F06458E00ED92ED /* Debug */,
				B58488FF1F06458E00ED92ED /* Release */,
			);
			defaultConfigurationIsVisible = 0;
			defaultConfigurationName = Release;
		};
		B58489001F06458E00ED92ED /* Build configuration list for PBXNativeTarget "OneTests" */ = {
			isa = XCConfigurationList;
			buildConfigurations = (
				B58489011F06458E00ED92ED /* Debug */,
				B58489021F06458E00ED92ED /* Release */,
			);
			defaultConfigurationIsVisible = 0;
			defaultConfigurationName = Release;
		};
		B58489031F06458E00ED92ED /* Build configuration list for PBXNativeTarget "OneUITests" */ = {
			isa = XCConfigurationList;
			buildConfigurations = (
				B58489041F06458E00ED92ED /* Debug */,
				B58489051F06458E00ED92ED /* Release */,
			);
			defaultConfigurationIsVisible = 0;
			defaultConfigurationName = Release;
		};
/* End XCConfigurationList section */
	};
	rootObject = B58488C81F06458E00ED92ED /* Project object */;
}
